{
  "name": "@themost/pool",
  "version": "2.5.0",
  "lockfileVersion": 1,
  "requires": true,
  "dependencies": {
    "generic-pool": {
      "version": "3.7.1",
      "resolved": "https://registry.npmjs.org/generic-pool/-/generic-pool-3.7.1.tgz",
      "integrity": "sha512-ug6DAZoNgWm6q5KhPFA+hzXfBLFQu5sTXxPpv44DmE0A2g+CiHoq9LTVdkXpZMkYVMoGw83F6W+WT0h0MFMK/w=="
    }
  }
}
